github.com/lib/pq v1.10.2 h1:AqzbZs4ZoCBp+GtejcpCpcxM3zlSMx29dXbUSeVtJb8=
github.com/lib/pq v1.10.2/go.mod h1:AlVN5x4E4T544tWzH6hKfbfQvm3HdbOxrmggDNAPY9o=
github.com/pascaldekloe/goe v0.1.0/go.mod h1:lzWF7FIEvWOWxwDKqyGYQf6ZUaNfKdP144TG7ZOy1lc=
gocv.io/x/gocv v0.27.0 h1:3X8I74ULsWHd4m7DQRv2Nqx5VkKscfUFnKgLNodiboI=
gocv.io/x/gocv v0.27.0/go.mod h1:n4LnYjykU6y9gn48yZf4eLCdtuSb77XxSkW6g0wGf/A=
gopkg.in/validator.v2 v2.0.0-20210331031555-b37d688a7fb0 h1:EFLtLCwd8tGN+r/ePz3cvRtdsfYNhDEdt/vp6qsT+0A=
gopkg.in/validator.v2 v2.0.0-20210331031555-b37d688a7fb0/go.mod h1:o4V0GXN9/CAmCsvJ0oXYZvrZOe7syiDZSN1GWGZTGzc=
